
Microsoft Visual Studio Solution File, Format Version 12.00
# Visual Studio 15
Project("{FAE04EC0-301F-11D3-BF4B-00C04F79EFBC}") = "Assembly-CSharp", "Assembly-CSharp.csproj", "{61815441-F59F-AC5E-5257-C1EDF6B1F4B7}"
EndProject
Project("{FAE04EC0-301F-11D3-BF4B-00C04F79EFBC}") = "Assembly-CSharp-Editor", "Assembly-CSharp-Editor.csproj", "{0A27EA5B-B332-4F08-0111-F033CE66C7C0}"
EndProject
Global
	GlobalSection(SolutionConfigurationPlatforms) = preSolution
		Debug|Any CPU = Debug|Any CPU
		Release|Any CPU = Release|Any CPU
	EndGlobalSection
	GlobalSection(ProjectConfigurationPlatforms) = postSolution
		{61815441-F59F-AC5E-5257-C1EDF6B1F4B7}.Debug|Any CPU.ActiveCfg = Debug|Any CPU
		{61815441-F59F-AC5E-5257-C1EDF6B1F4B7}.Debug|Any CPU.Build.0 = Debug|Any CPU
		{61815441-F59F-AC5E-5257-C1EDF6B1F4B7}.Release|Any CPU.ActiveCfg = Release|Any CPU
		{61815441-F59F-AC5E-5257-C1EDF6B1F4B7}.Release|Any CPU.Build.0 = Release|Any CPU
		{0A27EA5B-B332-4F08-0111-F033CE66C7C0}.Debug|Any CPU.ActiveCfg = Debug|Any CPU
		{0A27EA5B-B332-4F08-0111-F033CE66C7C0}.Debug|Any CPU.Build.0 = Debug|Any CPU
		{0A27EA5B-B332-4F08-0111-F033CE66C7C0}.Release|Any CPU.ActiveCfg = Release|Any CPU
		{0A27EA5B-B332-4F08-0111-F033CE66C7C0}.Release|Any CPU.Build.0 = Release|Any CPU
	EndGlobalSection
	GlobalSection(SolutionProperties) = preSolution
		HideSolutionNode = FALSE
	EndGlobalSection
EndGlobal
